
Microsoft Visual Studio Solution File, Format Version 11.00
# Visual Studio 2010
Project("{FAE04EC0-301F-11D3-BF4B-00C04F79EFBC}") = "Bai1", "Bai1\Bai1.csproj", "{1DC0D88A-0806-47BB-BB2B-F9B19827A72B}"
EndProject
Project("{FAE04EC0-301F-11D3-BF4B-00C04F79EFBC}") = "Bai1-Client", "Bai1-Client\Bai1-Client.csproj", "{83D6235F-6BDD-4FD0-A67F-84A4B6E4C35F}"
EndProject
Global
	GlobalSection(SolutionConfigurationPlatforms) = preSolution
		Debug|x86 = Debug|x86
		Release|x86 = Release|x86
	EndGlobalSection
	GlobalSection(ProjectConfigurationPlatforms) = postSolution
		{1DC0D88A-0806-47BB-BB2B-F9B19827A72B}.Debug|x86.ActiveCfg = Debug|x86
		{1DC0D88A-0806-47BB-BB2B-F9B19827A72B}.Debug|x86.Build.0 = Debug|x86
		{1DC0D88A-0806-47BB-BB2B-F9B19827A72B}.Release|x86.ActiveCfg = Release|x86
		{1DC0D88A-0806-47BB-BB2B-F9B19827A72B}.Release|x86.Build.0 = Release|x86
		{83D6235F-6BDD-4FD0-A67F-84A4B6E4C35F}.Debug|x86.ActiveCfg = Debug|x86
		{83D6235F-6BDD-4FD0-A67F-84A4B6E4C35F}.Debug|x86.Build.0 = Debug|x86
		{83D6235F-6BDD-4FD0-A67F-84A4B6E4C35F}.Release|x86.ActiveCfg = Release|x86
		{83D6235F-6BDD-4FD0-A67F-84A4B6E4C35F}.Release|x86.Build.0 = Release|x86
	EndGlobalSection
	GlobalSection(SolutionProperties) = preSolution
		HideSolutionNode = FALSE
	EndGlobalSection
EndGlobal
